// !$*UTF8*$!
{
	archiveVersion = 1;
	classes = {
	};
	objectVersion = 46;
	objects = {

/* Begin PBXBuildFile section */
		AD3E395E1ED2F787005DC26A /* AppDelegate.swift in Sources */ = {isa = PBXBuildFile; fileRef = AD3E395D1ED2F787005DC26A /* AppDelegate.swift */; };
		AD3E39601ED2F787005DC26A /* ViewController.swift in Sources */ = {isa = PBXBuildFile; fileRef = AD3E395F1ED2F787005DC26A /* ViewController.swift */; };
		AD3E39631ED2F787005DC26A /* Main.storyboard in Resources */ = {isa = PBXBuildFile; fileRef = AD3E39611ED2F787005DC26A /* Main.storyboard */; };
		AD3E39651ED2F787005DC26A /* Assets.xcassets in Resources */ = {isa = PBXBuildFile; fileRef = AD3E39641ED2F787005DC26A /* Assets.xcassets */; };
		AD3E39681ED2F787005DC26A /* LaunchScreen.storyboard in Resources */ = {isa = PBXBuildFile; fileRef = AD3E39661ED2F787005DC26A /* LaunchScreen.storyboard */; };
/* End PBXBuildFile section */

/* Begin PBXFileReference section */
		AD3E395A1ED2F787005DC26A /* swift-location.app */ = {isa = PBXFileReference; explicitFileType = wrapper.application; includeInIndex = 0; path = "swift-location.app"; sourceTree = BUILT_PRODUCTS_DIR; };
		AD3E395D1ED2F787005DC26A /* AppDelegate.swift */ = {isa = PBXFileReference; lastKnownFileType = sourcecode.swift; path = AppDelegate.swift; sourceTree = "<group>"; };
		AD3E395F1ED2F787005DC26A /* ViewController.swift */ = {isa = PBXFileReference; lastKnownFileType = sourcecode.swift; path = ViewController.swift; sourceTree = "<group>"; };
		AD3E39621ED2F787005DC26A /* Base */ = {isa = PBXFileReference; lastKnownFileType = file.storyboard; name = Base; path = Base.lproj/Main.storyboard; sourceTree = "<group>"; };
		AD3E39641ED2F787005DC26A /* Assets.xcassets */ = {isa = PBXFileReference; lastKnownFileType = folder.assetcatalog; path = Assets.xcassets; sourceTree = "<group>"; };
		AD3E39671ED2F787005DC26A /* Base */ = {isa = PBXFileReference; lastKnownFileType = file.storyboard; name = Base; path = Base.lproj/LaunchScreen.storyboard; sourceTree = "<group>"; };
		AD3E39691ED2F787005DC26A /* Info.plist */ = {isa = PBXFileReference; lastKnownFileType = text.plist.xml; path = Info.plist; sourceTree = "<group>"; };
/* End PBXFileReference section */

/* Begin PBXFrameworksBuildPhase section */
		AD3E39571ED2F787005DC26A /* Frameworks */ = {
			isa = PBXFrameworksBuildPhase;
			buildActionMask = 2147483647;
			files = (
			);
			runOnlyForDeploymentPostprocessing = 0;
		};
/* End PBXFrameworksBuildPhase section */

/* Begin PBXGroup section */
		AD3E39511ED2F787005DC26A = {
			isa = PBXGroup;
			children = (
				AD3E395C1ED2F787005DC26A /* swift-location */,
				AD3E395B1ED2F787005DC26A /* Products */,
			);
			sourceTree = "<group>";
		};
		AD3E395B1ED2F787005DC26A /* Products */ = {
			isa = PBXGroup;
			children = (
				AD3E395A1ED2F787005DC26A /* swift-location.app */,
			);
			name = Products;
			sourceTree = "<group>";
		};
		AD3E395C1ED2F787005DC26A /* swift-location */ = {
			isa = PBXGroup;
			children = (
				AD3E395D1ED2F787005DC26A /* AppDelegate.swift */,
				AD3E395F1ED2F787005DC26A /* ViewController.swift */,
				AD3E39611ED2F787005DC26A /* Main.storyboard */,
				AD3E39641ED2F787005DC26A /* Assets.xcassets */,
				AD3E39661ED2F787005DC26A /* LaunchScreen.storyboard */,
				AD3E39691ED2F787005DC26A /* Info.plist */,
			);
			path = "swift-location";
			sourceTree = "<group>";
		};
/* End PBXGroup section */

/* Begin PBXNativeTarget section */
		AD3E39591ED2F787005DC26A /* swift-location */ = {
			isa = PBXNativeTarget;
			buildConfigurationList = AD3E396C1ED2F787005DC26A /* Build configuration list for PBXNativeTarget "swift-location" */;
			buildPhases = (
				AD3E39561ED2F787005DC26A /* Sources */,
				AD3E39571ED2F787005DC26A /* Frameworks */,
				AD3E39581ED2F787005DC26A /* Resources */,
			);
			buildRules = (
			);
			dependencies = (
			);
			name = "swift-location";
			productName = "swift-location";
			productReference = AD3E395A1ED2F787005DC26A /* swift-location.app */;
			productType = "com.apple.product-type.application";
		};
/* End PBXNativeTarget section */

/* Begin PBXProject section */
		AD3E39521ED2F787005DC26A /* Project object */ = {
			isa = PBXProject;
			attributes = {
				LastSwiftUpdateCheck = 0830;
				LastUpgradeCheck = 0830;
				ORGANIZATIONNAME = "Innominds Mobility";
				TargetAttributes = {
					AD3E39591ED2F787005DC26A = {
						CreatedOnToolsVersion = 8.3.2;
						ProvisioningStyle = Automatic;
					};
				};
			};
			buildConfigurationList = AD3E39551ED2F787005DC26A /* Build configuration list for PBXProject "swift-location" */;
			compatibilityVersion = "Xcode 3.2";
			developmentRegion = English;
			hasScannedForEncodings = 0;
			knownRegions = (
				en,
				Base,
			);
			mainGroup = AD3E39511ED2F787005DC26A;
			productRefGroup = AD3E395B1ED2F787005DC26A /* Products */;
			projectDirPath = "";
			projectRoot = "";
			targets = (
				AD3E39591ED2F787005DC26A /* swift-location */,
			);
		};
/* End PBXProject section */

/* Begin PBXResourcesBuildPhase section */
		AD3E39581ED2F787005DC26A /* Resources */ = {
			isa = PBXResourcesBuildPhase;
			buildActionMask = 2147483647;
			files = (
				AD3E39681ED2F787005DC26A /* LaunchScreen.storyboard in Resources */,
				AD3E39651ED2F787005DC26A /* Assets.xcassets in Resources */,
				AD3E39631ED2F787005DC26A /* Main.storyboard in Resources */,
			);
			runOnlyForDeploymentPostprocessing = 0;
		};
/* End PBXResourcesBuildPhase section */

/* Begin PBXSourcesBuildPhase section */
		AD3E39561ED2F787005DC26A /* Sources */ = {
			isa = PBXSourcesBuildPhase;
			buildActionMask = 2147483647;
			files = (
				AD3E39601ED2F787005DC26A /* ViewController.swift in Sources */,
				AD3E395E1ED2F787005DC26A /* AppDelegate.swift in Sources */,
			);
			runOnlyForDeploymentPostprocessing = 0;
		};
/* End PBXSourcesBuildPhase section */

/* Begin PBXVariantGroup section */
		AD3E39611ED2F787005DC26A /* Main.storyboard */ = {
			isa = PBXVariantGroup;
			children = (
				AD3E39621ED2F787005DC26A /* Base */,
			);
			name = Main.storyboard;
			sourceTree = "<group>";
		};
		AD3E39661ED2F787005DC26A /* LaunchScreen.storyboard */ = {
			isa = PBXVariantGroup;
			children = (
				AD3E39671ED2F787005DC26A /* Base */,
			);
			name = LaunchScreen.storyboard;
			sourceTree = "<group>";
		};
/* End PBXVariantGroup section */

/* Begin XCBuildConfiguration section */
		AD3E396A1ED2F787005DC26A /* Debug */ = {
			isa = XCBuildConfiguration;
			buildSettings = {
				ALWAYS_SEARCH_USER_PATHS = NO;
				CLANG_ANALYZER_NONNULL = YES;
				CLANG_ANALYZER_NUMBER_OBJECT_CONVERSION = YES_AGGRESSIVE;
				CLANG_CXX_LANGUAGE_STANDARD = "gnu++0x";
				CLANG_CXX_LIBRARY = "libc++";
				CLANG_ENABLE_MODULES = YES;
				CLANG_ENABLE_OBJC_ARC = YES;
				CLANG_WARN_BOOL_CONVERSION = YES;
				CLANG_WARN_CONSTANT_CONVERSION = YES;
				CLANG_WARN_DIRECT_OBJC_ISA_USAGE = YES_ERROR;
				CLANG_WARN_DOCUMENTATION_COMMENTS = YES;
				CLANG_WARN_EMPTY_BODY = YES;
				CLANG_WARN_ENUM_CONVERSION = YES;
				CLANG_WARN_INFINITE_RECURSION = YES;
				CLANG_WARN_INT_CONVERSION = YES;
				CLANG_WARN_OBJC_ROOT_CLASS = YES_ERROR;
				CLANG_WARN_SUSPICIOUS_MOVE = YES;
				CLANG_WARN_UNREACHABLE_CODE = YES;
				CLANG_WARN__DUPLICATE_METHOD_MATCH = YES;
				"CODE_SIGN_IDENTITY[sdk=iphoneos*]" = "iPhone Developer";
				COPY_PHASE_STRIP = NO;
				DEBUG_INFORMATION_FORMAT = dwarf;
				ENABLE_STRICT_OBJC_MSGSEND = YES;
				ENABLE_TESTABILITY = YES;
				GCC_C_LANGUAGE_STANDARD = gnu99;
				GCC_DYNAMIC_NO_PIC = NO;
				GCC_NO_COMMON_BLOCKS = YES;
				GCC_OPTIMIZATION_LEVEL = 0;
				GCC_PREPROCESSOR_DEFINITIONS = (
					"DEBUG=1",
					"$(inherited)",
				);
				GCC_WARN_64_TO_32_BIT_CONVERSION = YES;
				GCC_WARN_ABOUT_RETURN_TYPE = YES_ERROR;
				GCC_WARN_UNDECLARED_SELECTOR = YES;
				GCC_WARN_UNINITIALIZED_AUTOS = YES_AGGRESSIVE;
				GCC_WARN_UNUSED_FUNCTION = YES;
				GCC_WARN_UNUSED_VARIABLE = YES;
				IPHONEOS_DEPLOYMENT_TARGET = 10.3;
				MTL_ENABLE_DEBUG_INFO = YES;
				ONLY_ACTIVE_ARCH = YES;
				SDKROOT = iphoneos;
				SWIFT_ACTIVE_COMPILATION_CONDITIONS = DEBUG;
				SWIFT_OPTIMIZATION_LEVEL = "-Onone";
				TARGETED_DEVICE_FAMILY = "1,2";
			};
			name = Debug;
		};
		AD3E396B1ED2F787005DC26A /* Release */ = {
			isa = XCBuildConfiguration;
			buildSettings = {
				ALWAYS_SEARCH_USER_PATHS = NO;
				CLANG_ANALYZER_NONNULL = YES;
				CLANG_ANALYZER_NUMBER_OBJECT_CONVERSION = YES_AGGRESSIVE;
				CLANG_CXX_LANGUAGE_STANDARD = "gnu++0x";
				CLANG_CXX_LIBRARY = "libc++";
				CLANG_ENABLE_MODULES = YES;
				CLANG_ENABLE_OBJC_ARC = YES;
				CLANG_WARN_BOOL_CONVERSION = YES;
				CLANG_WARN_CONSTANT_CONVERSION = YES;
				CLANG_WARN_DIRECT_OBJC_ISA_USAGE = YES_ERROR;
				CLANG_WARN_DOCUMENTATION_COMMENTS = YES;
				CLANG_WARN_EMPTY_BODY = YES;
				CLANG_WARN_ENUM_CONVERSION = YES;
				CLANG_WARN_INFINITE_RECURSION = YES;
				CLANG_WARN_INT_CONVERSION = YES;
				CLANG_WARN_OBJC_ROOT_CLASS = YES_ERROR;
				CLANG_WARN_SUSPICIOUS_MOVE = YES;
				CLANG_WARN_UNREACHABLE_CODE = YES;
				CLANG_WARN__DUPLICATE_METHOD_MATCH = YES;
				"CODE_SIGN_IDENTITY[sdk=iphoneos*]" = "iPhone Developer";
				COPY_PHASE_STRIP = NO;
				DEBUG_INFORMATION_FORMAT = "dwarf-with-dsym";
				ENABLE_NS_ASSERTIONS = NO;
				ENABLE_STRICT_OBJC_MSGSEND = YES;
				GCC_C_LANGUAGE_STANDARD = gnu99;
				GCC_NO_COMMON_BLOCKS = YES;
				GCC_WARN_64_TO_32_BIT_CONVERSION = YES;
				GCC_WARN_ABOUT_RETURN_TYPE = YES_ERROR;
				GCC_WARN_UNDECLARED_SELECTOR = YES;
				GCC_WARN_UNINITIALIZED_AUTOS = YES_AGGRESSIVE;
				GCC_WARN_UNUSED_FUNCTION = YES;
				GCC_WARN_UNUSED_VARIABLE = YES;
				IPHONEOS_DEPLOYMENT_TARGET = 10.3;
				MTL_ENABLE_DEBUG_INFO = NO;
				SDKROOT = iphoneos;
				SWIFT_OPTIMIZATION_LEVEL = "-Owholemodule";
				TARGETED_DEVICE_FAMILY = "1,2";
				VALIDATE_PRODUCT = YES;
			};
			name = Release;
		};
		AD3E396D1ED2F787005DC26A /* Debug */ = {
			isa = XCBuildConfiguration;
			buildSettings = {
				ASSETCATALOG_COMPILER_APPICON_NAME = AppIcon;
				INFOPLIST_FILE = "swift-location/Info.plist";
				LD_RUNPATH_SEARCH_PATHS = "$(inherited) @executable_path/Frameworks";
				PRODUCT_BUNDLE_IDENTIFIER = "com.innominds.swift-location";
				PRODUCT_NAME = "$(TARGET_NAME)";
				SWIFT_VERSION = 3.0;
			};
			name = Debug;
		};
		AD3E396E1ED2F787005DC26A /* Release */ = {
			isa = XCBuildConfiguration;
			buildSettings = {
				ASSETCATALOG_COMPILER_APPICON_NAME = AppIcon;
				INFOPLIST_FILE = "swift-location/Info.plist";
				LD_RUNPATH_SEARCH_PATHS = "$(inherited) @executable_path/Frameworks";
				PRODUCT_BUNDLE_IDENTIFIER = "com.innominds.swift-location";
				PRODUCT_NAME = "$(TARGET_NAME)";
				SWIFT_VERSION = 3.0;
			};
			name = Release;
		};
/* End XCBuildConfiguration section */

/* Begin XCConfigurationList section */
		AD3E39551ED2F787005DC26A /* Build configuration list for PBXProject "swift-location" */ = {
			isa = XCConfigurationList;
			buildConfigurations = (
				AD3E396A1ED2F787005DC26A /* Debug */,
				AD3E396B1ED2F787005DC26A /* Release */,
			);
			defaultConfigurationIsVisible = 0;
			defaultConfigurationName = Release;
		};
		AD3E396C1ED2F787005DC26A /* Build configuration list for PBXNativeTarget "swift-location" */ = {
			isa = XCConfigurationList;
			buildConfigurations = (
				AD3E396D1ED2F787005DC26A /* Debug */,
				AD3E396E1ED2F787005DC26A /* Release */,
			);
			defaultConfigurationIsVisible = 0;
		};
/* End XCConfigurationList section */
	};
	rootObject = AD3E39521ED2F787005DC26A /* Project object */;
}
